
Microsoft Visual Studio Solution File, Format Version 12.00
# Visual Studio 2013
VisualStudioVersion = 12.0.30324.0
MinimumVisualStudioVersion = 10.0.40219.1
Project("{FAE04EC0-301F-11D3-BF4B-00C04F79EFBC}") = "CrazyCubeWorldGame", "CrazyCubeWorldGame\CrazyCubeWorldGame.csproj", "{987177A5-DA45-481F-8897-80E339587DC8}"
EndProject
Project("{FAE04EC0-301F-11D3-BF4B-00C04F79EFBC}") = "CubeWorldGameEngine", "CubeWorldGameEngine\CubeWorldGameEngine.csproj", "{A688A3B9-E3D1-471B-8B42-08DBF6E8874C}"
EndProject
Project("{FAE04EC0-301F-11D3-BF4B-00C04F79EFBC}") = "CubeWorldEditor", "CubeWorldEditor\CubeWorldEditor.csproj", "{EBE376E6-3A37-4EE9-9043-1EF51EB9FD31}"
EndProject
Global
	GlobalSection(SolutionConfigurationPlatforms) = preSolution
		Debug|Any CPU = Debug|Any CPU
		Debug|Mixed Platforms = Debug|Mixed Platforms
		Debug|x86 = Debug|x86
		Release|Any CPU = Release|Any CPU
		Release|Mixed Platforms = Release|Mixed Platforms
		Release|x86 = Release|x86
	EndGlobalSection
	GlobalSection(ProjectConfigurationPlatforms) = postSolution
		{987177A5-DA45-481F-8897-80E339587DC8}.Debug|Any CPU.ActiveCfg = Debug|x86
		{987177A5-DA45-481F-8897-80E339587DC8}.Debug|Mixed Platforms.ActiveCfg = Debug|x86
		{987177A5-DA45-481F-8897-80E339587DC8}.Debug|Mixed Platforms.Build.0 = Debug|x86
		{987177A5-DA45-481F-8897-80E339587DC8}.Debug|x86.ActiveCfg = Release|x86
		{987177A5-DA45-481F-8897-80E339587DC8}.Debug|x86.Build.0 = Release|x86
		{987177A5-DA45-481F-8897-80E339587DC8}.Release|Any CPU.ActiveCfg = Release|x86
		{987177A5-DA45-481F-8897-80E339587DC8}.Release|Mixed Platforms.ActiveCfg = Release|x86
		{987177A5-DA45-481F-8897-80E339587DC8}.Release|Mixed Platforms.Build.0 = Release|x86
		{987177A5-DA45-481F-8897-80E339587DC8}.Release|x86.ActiveCfg = Release|x86
		{987177A5-DA45-481F-8897-80E339587DC8}.Release|x86.Build.0 = Release|x86
		{A688A3B9-E3D1-471B-8B42-08DBF6E8874C}.Debug|Any CPU.ActiveCfg = Debug|Any CPU
		{A688A3B9-E3D1-471B-8B42-08DBF6E8874C}.Debug|Any CPU.Build.0 = Debug|Any CPU
		{A688A3B9-E3D1-471B-8B42-08DBF6E8874C}.Debug|Mixed Platforms.ActiveCfg = Debug|Any CPU
		{A688A3B9-E3D1-471B-8B42-08DBF6E8874C}.Debug|Mixed Platforms.Build.0 = Debug|Any CPU
		{A688A3B9-E3D1-471B-8B42-08DBF6E8874C}.Debug|x86.ActiveCfg = Debug|Any CPU
		{A688A3B9-E3D1-471B-8B42-08DBF6E8874C}.Release|Any CPU.ActiveCfg = Release|Any CPU
		{A688A3B9-E3D1-471B-8B42-08DBF6E8874C}.Release|Any CPU.Build.0 = Release|Any CPU
		{A688A3B9-E3D1-471B-8B42-08DBF6E8874C}.Release|Mixed Platforms.ActiveCfg = Release|Any CPU
		{A688A3B9-E3D1-471B-8B42-08DBF6E8874C}.Release|Mixed Platforms.Build.0 = Release|Any CPU
		{A688A3B9-E3D1-471B-8B42-08DBF6E8874C}.Release|x86.ActiveCfg = Release|Any CPU
		{EBE376E6-3A37-4EE9-9043-1EF51EB9FD31}.Debug|Any CPU.ActiveCfg = Debug|Any CPU
		{EBE376E6-3A37-4EE9-9043-1EF51EB9FD31}.Debug|Any CPU.Build.0 = Debug|Any CPU
		{EBE376E6-3A37-4EE9-9043-1EF51EB9FD31}.Debug|Mixed Platforms.ActiveCfg = Debug|Any CPU
		{EBE376E6-3A37-4EE9-9043-1EF51EB9FD31}.Debug|Mixed Platforms.Build.0 = Debug|Any CPU
		{EBE376E6-3A37-4EE9-9043-1EF51EB9FD31}.Debug|x86.ActiveCfg = Debug|Any CPU
		{EBE376E6-3A37-4EE9-9043-1EF51EB9FD31}.Release|Any CPU.ActiveCfg = Release|Any CPU
		{EBE376E6-3A37-4EE9-9043-1EF51EB9FD31}.Release|Any CPU.Build.0 = Release|Any CPU
		{EBE376E6-3A37-4EE9-9043-1EF51EB9FD31}.Release|Mixed Platforms.ActiveCfg = Release|Any CPU
		{EBE376E6-3A37-4EE9-9043-1EF51EB9FD31}.Release|Mixed Platforms.Build.0 = Release|Any CPU
		{EBE376E6-3A37-4EE9-9043-1EF51EB9FD31}.Release|x86.ActiveCfg = Release|Any CPU
	EndGlobalSection
	GlobalSection(SolutionProperties) = preSolution
		HideSolutionNode = FALSE
	EndGlobalSection
EndGlobal
